dependencies:
- name: memcached
  repository: https://charts.bitnami.com/bitnami
  version: 6.4.1
- name: rabbitmq
  repository: https://charts.bitnami.com/bitnami
  version:  11.14.4 
- name: redis
  repository: https://charts.bitnami.com/bitnami
  version: 17.10.2 
- name: postgresql
  repository: https://charts.bitnami.com/bitnami
  version: 12.4.2 
digest: sha256:376a93b6d6df79610d9ba283727a95560378644bb006f4ffc2c19571453a5cad
generated: "2022-04-21T11:44:41.427111348+02:00"
